
Microsoft Visual Studio Solution File, Format Version 12.00
# Visual Studio Version 16
VisualStudioVersion = 16.0.29215.179
MinimumVisualStudioVersion = 10.0.40219.1
Project("{FAE04EC0-301F-11D3-BF4B-00C04F79EFBC}") = "FakeCraft", "FakeCraft\FakeCraft.csproj", "{18E4A83C-2307-476E-8F30-D7C32C88D891}"
EndProject
Global
	GlobalSection(SolutionConfigurationPlatforms) = preSolution
		Debug|Any CPU = Debug|Any CPU
		Release|Any CPU = Release|Any CPU
	EndGlobalSection
	GlobalSection(ProjectConfigurationPlatforms) = postSolution
		{18E4A83C-2307-476E-8F30-D7C32C88D891}.Debug|Any CPU.ActiveCfg = Debug|Any CPU
		{18E4A83C-2307-476E-8F30-D7C32C88D891}.Debug|Any CPU.Build.0 = Debug|Any CPU
		{18E4A83C-2307-476E-8F30-D7C32C88D891}.Release|Any CPU.ActiveCfg = Release|Any CPU
		{18E4A83C-2307-476E-8F30-D7C32C88D891}.Release|Any CPU.Build.0 = Release|Any CPU
	EndGlobalSection
	GlobalSection(SolutionProperties) = preSolution
		HideSolutionNode = FALSE
	EndGlobalSection
	GlobalSection(ExtensibilityGlobals) = postSolution
		SolutionGuid = {B1533D99-A8E6-4440-BD5E-EC00B85F8454}
	EndGlobalSection
EndGlobal
